dependencies:
  espressif/mdns:
    component_hash: 26d0b8b207c7d8382cb3c103a9add9c75ca4dc0ef172b03a98af2c2254b2792b
    dependencies:
    - name: idf
      require: private
      version: '>=5.0'
    source:
      registry_url: https://components.espressif.com/
      type: service
    version: 1.6.0
  idf:
    source:
      type: idf
    version: 5.4.0
direct_dependencies:
- espressif/mdns
- idf
manifest_hash: a81c537441bd50ded61fa08a484aff6163fcdc83ad6279477fc3fd110d5e20a2
target: esp32c3
version: 2.0.0
